
Microsoft Visual Studio Solution File, Format Version 12.00
# Visual Studio 15
VisualStudioVersion = 15.0.28307.572
MinimumVisualStudioVersion = 10.0.40219.1
Project("{FAE04EC0-301F-11D3-BF4B-00C04F79EFBC}") = "Autoclicker", "Autoclicker.csproj", "{DC152457-E018-4DBC-98C5-618B87BB82A4}"
EndProject
Project("{2150E333-8FDC-42A3-9474-1A3956D46DE8}") = "Solution Items", "Solution Items", "{447C39C7-9107-4855-9B38-3145F06E3F72}"
	ProjectSection(SolutionItems) = preProject
		README.md = README.md
	EndProjectSection
EndProject
Global
	GlobalSection(SolutionConfigurationPlatforms) = preSolution
		Debug|Any CPU = Debug|Any CPU
		Release|Any CPU = Release|Any CPU
	EndGlobalSection
	GlobalSection(ProjectConfigurationPlatforms) = postSolution
		{DC152457-E018-4DBC-98C5-618B87BB82A4}.Debug|Any CPU.ActiveCfg = Debug|Any CPU
		{DC152457-E018-4DBC-98C5-618B87BB82A4}.Debug|Any CPU.Build.0 = Debug|Any CPU
		{DC152457-E018-4DBC-98C5-618B87BB82A4}.Release|Any CPU.ActiveCfg = Release|Any CPU
		{DC152457-E018-4DBC-98C5-618B87BB82A4}.Release|Any CPU.Build.0 = Release|Any CPU
	EndGlobalSection
	GlobalSection(SolutionProperties) = preSolution
		HideSolutionNode = FALSE
	EndGlobalSection
	GlobalSection(ExtensibilityGlobals) = postSolution
		SolutionGuid = {04389C4D-93A3-4090-B477-B05317B8F3D4}
	EndGlobalSection
EndGlobal
